schema: '2.0'
stages:
  prepare:
    cmd: python -m prodml.pipeline.prepare
    deps:
    - path: data/raw/crop_yield_raw.csv
      hash: md5
      md5: 8468a328bc667d153ec8559402335897
      size: 1407033
    - path: src/prodml/data.py
      hash: md5
      md5: fa9fa30c7f965da6138c7a7f374721ef
      size: 3409
    - path: src/prodml/pipeline/prepare.py
      hash: md5
      md5: e5d668258d1bd5b38d6cd0789e9097cb
      size: 1641
    outs:
    - path: data/prepared/test.csv
      hash: md5
      md5: 49454e474814eaa7a1489fe1cd700fdf
      size: 353269
    - path: data/prepared/train.csv
      hash: md5
      md5: eb78a8896c68f604681f5b572c809519
      size: 1392798
  train:
    cmd: python -m prodml.pipeline.train_stage
    deps:
    - path: data/prepared/train.csv
      hash: md5
      md5: eb78a8896c68f604681f5b572c809519
      size: 1392798
    - path: src/prodml/features.py
      hash: md5
      md5: 57a70c1118b363c5470e98c45cdda0f3
      size: 1612
    - path: src/prodml/pipeline/train_stage.py
      hash: md5
      md5: 7f51ef59b5734b50850f79364dbc6fc2
      size: 1649
    outs:
    - path: models/model.pkl
      hash: md5
      md5: c733e8739d2f0f7b71ba9f45fe0399fb
      size: 49590220
  evaluate:
    cmd: python -m prodml.pipeline.evaluate
    deps:
    - path: data/prepared/test.csv
      hash: md5
      md5: 49454e474814eaa7a1489fe1cd700fdf
      size: 353269
    - path: models/model.pkl
      hash: md5
      md5: c733e8739d2f0f7b71ba9f45fe0399fb
      size: 49590220
    - path: src/prodml/pipeline/evaluate.py
      hash: md5
      md5: 364b26821fe6a28ba6bea1133357e00f
      size: 1728
    outs:
    - path: reports/metrics.json
      hash: md5
      md5: e24bf50de47c99a82cc347e0eaf7809b
      size: 118
