schema: '2.0'
stages:
  prepare:
    cmd: python -m prodml.pipeline.prepare
    deps:
    - path: data/raw/crop_yield_raw.csv
      hash: md5
      md5: 8468a328bc667d153ec8559402335897
      size: 1407033
    - path: src/prodml/data.py
      hash: md5
      md5: 1e1aa093df328d02e107a99f3bfe5297
      size: 3470
    - path: src/prodml/pipeline/prepare.py
      hash: md5
      md5: 13378ce8bdd7d60e271f98e00dd75621
      size: 1760
    outs:
    - path: data/prepared/test.csv
      hash: md5
      md5: 09328e726986a203d2ed92099dc02c27
      size: 348772
    - path: data/prepared/train.csv
      hash: md5
      md5: 9d41dd0a200601cd56934ec7fc260868
      size: 1397295
  train:
    cmd: python -m prodml.pipeline.train_stage
    deps:
    - path: data/prepared/train.csv
      hash: md5
      md5: 9d41dd0a200601cd56934ec7fc260868
      size: 1397295
    - path: src/prodml/features.py
      hash: md5
      md5: 57a70c1118b363c5470e98c45cdda0f3
      size: 1612
    - path: src/prodml/pipeline/train_stage.py
      hash: md5
      md5: 7f51ef59b5734b50850f79364dbc6fc2
      size: 1649
    outs:
    - path: models/model.pkl
      hash: md5
      md5: f2138fe29780ec32d826431c6327ba1b
      size: 710518
  evaluate:
    cmd: python -m prodml.pipeline.evaluate
    deps:
    - path: data/prepared/test.csv
      hash: md5
      md5: 09328e726986a203d2ed92099dc02c27
      size: 348772
    - path: models/model.pkl
      hash: md5
      md5: f2138fe29780ec32d826431c6327ba1b
      size: 710518
    - path: src/prodml/pipeline/evaluate.py
      hash: md5
      md5: 364b26821fe6a28ba6bea1133357e00f
      size: 1728
    outs:
    - path: reports/metrics.json
      hash: md5
      md5: 6e94cacb494e3ce70fa8a38b70cc8bfc
      size: 116
